
Microsoft Visual Studio Solution File, Format Version 12.00
# Visual Studio Version 16
VisualStudioVersion = 16.0.30503.244
MinimumVisualStudioVersion = 10.0.40219.1
Project("{9A19103F-16F7-4668-BE54-9A1E7A4F7556}") = "Kampİntro", "Kampİntro\Kampİntro.csproj", "{C3D7FDB4-5D1E-4523-8D7D-673FF037496B}"
EndProject
Project("{9A19103F-16F7-4668-BE54-9A1E7A4F7556}") = "Donguler", "Donguler\Donguler.csproj", "{171F0631-0CBD-413C-87F3-08899D4BADEB}"
EndProject
Project("{9A19103F-16F7-4668-BE54-9A1E7A4F7556}") = "ClassIntro", "ClassIntro\ClassIntro.csproj", "{FCA3BEBF-2D45-438D-9DC1-A7EA39AAD3A4}"
EndProject
Project("{FAE04EC0-301F-11D3-BF4B-00C04F79EFBC}") = "Methods", "Methods\Methods.csproj", "{D6641E7F-BE60-4F4C-88AE-3132007BC6EF}"
EndProject
Project("{FAE04EC0-301F-11D3-BF4B-00C04F79EFBC}") = "Matematik", "Matematik\Matematik.csproj", "{3493BECE-4EAC-43D9-B72F-A352DECF5D49}"
EndProject
Project("{FAE04EC0-301F-11D3-BF4B-00C04F79EFBC}") = "DegerVeReferansTipler", "DegerVeReferansTipler\DegerVeReferansTipler.csproj", "{E7C9CD36-8A86-4A66-BCC3-78C49E1300EF}"
EndProject
Global
	GlobalSection(SolutionConfigurationPlatforms) = preSolution
		Debug|Any CPU = Debug|Any CPU
		Release|Any CPU = Release|Any CPU
	EndGlobalSection
	GlobalSection(ProjectConfigurationPlatforms) = postSolution
		{C3D7FDB4-5D1E-4523-8D7D-673FF037496B}.Debug|Any CPU.ActiveCfg = Debug|Any CPU
		{C3D7FDB4-5D1E-4523-8D7D-673FF037496B}.Debug|Any CPU.Build.0 = Debug|Any CPU
		{C3D7FDB4-5D1E-4523-8D7D-673FF037496B}.Release|Any CPU.ActiveCfg = Release|Any CPU
		{C3D7FDB4-5D1E-4523-8D7D-673FF037496B}.Release|Any CPU.Build.0 = Release|Any CPU
		{171F0631-0CBD-413C-87F3-08899D4BADEB}.Debug|Any CPU.ActiveCfg = Debug|Any CPU
		{171F0631-0CBD-413C-87F3-08899D4BADEB}.Debug|Any CPU.Build.0 = Debug|Any CPU
		{171F0631-0CBD-413C-87F3-08899D4BADEB}.Release|Any CPU.ActiveCfg = Release|Any CPU
		{171F0631-0CBD-413C-87F3-08899D4BADEB}.Release|Any CPU.Build.0 = Release|Any CPU
		{FCA3BEBF-2D45-438D-9DC1-A7EA39AAD3A4}.Debug|Any CPU.ActiveCfg = Debug|Any CPU
		{FCA3BEBF-2D45-438D-9DC1-A7EA39AAD3A4}.Debug|Any CPU.Build.0 = Debug|Any CPU
		{FCA3BEBF-2D45-438D-9DC1-A7EA39AAD3A4}.Release|Any CPU.ActiveCfg = Release|Any CPU
		{FCA3BEBF-2D45-438D-9DC1-A7EA39AAD3A4}.Release|Any CPU.Build.0 = Release|Any CPU
		{D6641E7F-BE60-4F4C-88AE-3132007BC6EF}.Debug|Any CPU.ActiveCfg = Debug|Any CPU
		{D6641E7F-BE60-4F4C-88AE-3132007BC6EF}.Debug|Any CPU.Build.0 = Debug|Any CPU
		{D6641E7F-BE60-4F4C-88AE-3132007BC6EF}.Release|Any CPU.ActiveCfg = Release|Any CPU
		{D6641E7F-BE60-4F4C-88AE-3132007BC6EF}.Release|Any CPU.Build.0 = Release|Any CPU
		{3493BECE-4EAC-43D9-B72F-A352DECF5D49}.Debug|Any CPU.ActiveCfg = Debug|Any CPU
		{3493BECE-4EAC-43D9-B72F-A352DECF5D49}.Debug|Any CPU.Build.0 = Debug|Any CPU
		{3493BECE-4EAC-43D9-B72F-A352DECF5D49}.Release|Any CPU.ActiveCfg = Release|Any CPU
		{3493BECE-4EAC-43D9-B72F-A352DECF5D49}.Release|Any CPU.Build.0 = Release|Any CPU
		{E7C9CD36-8A86-4A66-BCC3-78C49E1300EF}.Debug|Any CPU.ActiveCfg = Debug|Any CPU
		{E7C9CD36-8A86-4A66-BCC3-78C49E1300EF}.Debug|Any CPU.Build.0 = Debug|Any CPU
		{E7C9CD36-8A86-4A66-BCC3-78C49E1300EF}.Release|Any CPU.ActiveCfg = Release|Any CPU
		{E7C9CD36-8A86-4A66-BCC3-78C49E1300EF}.Release|Any CPU.Build.0 = Release|Any CPU
	EndGlobalSection
	GlobalSection(SolutionProperties) = preSolution
		HideSolutionNode = FALSE
	EndGlobalSection
	GlobalSection(ExtensibilityGlobals) = postSolution
		SolutionGuid = {B2B75DA0-D020-4688-9054-EFC0C8769323}
	EndGlobalSection
EndGlobal
