
Microsoft Visual Studio Solution File, Format Version 12.00
# Visual Studio Version 16
VisualStudioVersion = 16.0.30503.244
MinimumVisualStudioVersion = 10.0.40219.1
Project("{9A19103F-16F7-4668-BE54-9A1E7A4F7556}") = "Kampİntro", "Kampİntro\Kampİntro.csproj", "{C3D7FDB4-5D1E-4523-8D7D-673FF037496B}"
EndProject
Project("{9A19103F-16F7-4668-BE54-9A1E7A4F7556}") = "Donguler", "Donguler\Donguler.csproj", "{171F0631-0CBD-413C-87F3-08899D4BADEB}"
EndProject
Project("{9A19103F-16F7-4668-BE54-9A1E7A4F7556}") = "ClassIntro", "ClassIntro\ClassIntro.csproj", "{FCA3BEBF-2D45-438D-9DC1-A7EA39AAD3A4}"
EndProject
Project("{9A19103F-16F7-4668-BE54-9A1E7A4F7556}") = "Methods", "Methods\Methods.csproj", "{D6641E7F-BE60-4F4C-88AE-3132007BC6EF}"
EndProject
Project("{9A19103F-16F7-4668-BE54-9A1E7A4F7556}") = "Matematik", "Matematik\Matematik.csproj", "{3493BECE-4EAC-43D9-B72F-A352DECF5D49}"
EndProject
Project("{9A19103F-16F7-4668-BE54-9A1E7A4F7556}") = "DegerVeReferansTipler", "DegerVeReferansTipler\DegerVeReferansTipler.csproj", "{E7C9CD36-8A86-4A66-BCC3-78C49E1300EF}"
EndProject
Project("{9A19103F-16F7-4668-BE54-9A1E7A4F7556}") = "Oop1", "Oop1\Oop1.csproj", "{03FC61F1-0EB9-42E0-A9F8-3FD0801CC0CC}"
EndProject
Project("{FAE04EC0-301F-11D3-BF4B-00C04F79EFBC}") = "Collections", "Collections\Collections.csproj", "{00F0CD2B-0F7D-4EAF-AD54-DA47256FFD89}"
EndProject
Project("{FAE04EC0-301F-11D3-BF4B-00C04F79EFBC}") = "GenericsIntro", "GenericsIntro\GenericsIntro.csproj", "{5F672C8E-92A2-414A-A3A5-D10D205712AE}"
EndProject
Project("{FAE04EC0-301F-11D3-BF4B-00C04F79EFBC}") = "OOP2", "OOP2\OOP2.csproj", "{3F04CCEA-AFD9-4759-BACD-2EF2D2FE39EA}"
EndProject
Project("{FAE04EC0-301F-11D3-BF4B-00C04F79EFBC}") = "OOP3", "OOP3\OOP3.csproj", "{B8D78580-FD82-43E5-B086-F9D477D61C2F}"
EndProject
Global
	GlobalSection(SolutionConfigurationPlatforms) = preSolution
		Debug|Any CPU = Debug|Any CPU
		Release|Any CPU = Release|Any CPU
	EndGlobalSection
	GlobalSection(ProjectConfigurationPlatforms) = postSolution
		{C3D7FDB4-5D1E-4523-8D7D-673FF037496B}.Debug|Any CPU.ActiveCfg = Debug|Any CPU
		{C3D7FDB4-5D1E-4523-8D7D-673FF037496B}.Debug|Any CPU.Build.0 = Debug|Any CPU
		{C3D7FDB4-5D1E-4523-8D7D-673FF037496B}.Release|Any CPU.ActiveCfg = Release|Any CPU
		{C3D7FDB4-5D1E-4523-8D7D-673FF037496B}.Release|Any CPU.Build.0 = Release|Any CPU
		{171F0631-0CBD-413C-87F3-08899D4BADEB}.Debug|Any CPU.ActiveCfg = Debug|Any CPU
		{171F0631-0CBD-413C-87F3-08899D4BADEB}.Debug|Any CPU.Build.0 = Debug|Any CPU
		{171F0631-0CBD-413C-87F3-08899D4BADEB}.Release|Any CPU.ActiveCfg = Release|Any CPU
		{171F0631-0CBD-413C-87F3-08899D4BADEB}.Release|Any CPU.Build.0 = Release|Any CPU
		{FCA3BEBF-2D45-438D-9DC1-A7EA39AAD3A4}.Debug|Any CPU.ActiveCfg = Debug|Any CPU
		{FCA3BEBF-2D45-438D-9DC1-A7EA39AAD3A4}.Debug|Any CPU.Build.0 = Debug|Any CPU
		{FCA3BEBF-2D45-438D-9DC1-A7EA39AAD3A4}.Release|Any CPU.ActiveCfg = Release|Any CPU
		{FCA3BEBF-2D45-438D-9DC1-A7EA39AAD3A4}.Release|Any CPU.Build.0 = Release|Any CPU
		{D6641E7F-BE60-4F4C-88AE-3132007BC6EF}.Debug|Any CPU.ActiveCfg = Debug|Any CPU
		{D6641E7F-BE60-4F4C-88AE-3132007BC6EF}.Debug|Any CPU.Build.0 = Debug|Any CPU
		{D6641E7F-BE60-4F4C-88AE-3132007BC6EF}.Release|Any CPU.ActiveCfg = Release|Any CPU
		{D6641E7F-BE60-4F4C-88AE-3132007BC6EF}.Release|Any CPU.Build.0 = Release|Any CPU
		{3493BECE-4EAC-43D9-B72F-A352DECF5D49}.Debug|Any CPU.ActiveCfg = Debug|Any CPU
		{3493BECE-4EAC-43D9-B72F-A352DECF5D49}.Debug|Any CPU.Build.0 = Debug|Any CPU
		{3493BECE-4EAC-43D9-B72F-A352DECF5D49}.Release|Any CPU.ActiveCfg = Release|Any CPU
		{3493BECE-4EAC-43D9-B72F-A352DECF5D49}.Release|Any CPU.Build.0 = Release|Any CPU
		{E7C9CD36-8A86-4A66-BCC3-78C49E1300EF}.Debug|Any CPU.ActiveCfg = Debug|Any CPU
		{E7C9CD36-8A86-4A66-BCC3-78C49E1300EF}.Debug|Any CPU.Build.0 = Debug|Any CPU
		{E7C9CD36-8A86-4A66-BCC3-78C49E1300EF}.Release|Any CPU.ActiveCfg = Release|Any CPU
		{E7C9CD36-8A86-4A66-BCC3-78C49E1300EF}.Release|Any CPU.Build.0 = Release|Any CPU
		{03FC61F1-0EB9-42E0-A9F8-3FD0801CC0CC}.Debug|Any CPU.ActiveCfg = Debug|Any CPU
		{03FC61F1-0EB9-42E0-A9F8-3FD0801CC0CC}.Debug|Any CPU.Build.0 = Debug|Any CPU
		{03FC61F1-0EB9-42E0-A9F8-3FD0801CC0CC}.Release|Any CPU.ActiveCfg = Release|Any CPU
		{03FC61F1-0EB9-42E0-A9F8-3FD0801CC0CC}.Release|Any CPU.Build.0 = Release|Any CPU
		{00F0CD2B-0F7D-4EAF-AD54-DA47256FFD89}.Debug|Any CPU.ActiveCfg = Debug|Any CPU
		{00F0CD2B-0F7D-4EAF-AD54-DA47256FFD89}.Debug|Any CPU.Build.0 = Debug|Any CPU
		{00F0CD2B-0F7D-4EAF-AD54-DA47256FFD89}.Release|Any CPU.ActiveCfg = Release|Any CPU
		{00F0CD2B-0F7D-4EAF-AD54-DA47256FFD89}.Release|Any CPU.Build.0 = Release|Any CPU
		{5F672C8E-92A2-414A-A3A5-D10D205712AE}.Debug|Any CPU.ActiveCfg = Debug|Any CPU
		{5F672C8E-92A2-414A-A3A5-D10D205712AE}.Debug|Any CPU.Build.0 = Debug|Any CPU
		{5F672C8E-92A2-414A-A3A5-D10D205712AE}.Release|Any CPU.ActiveCfg = Release|Any CPU
		{5F672C8E-92A2-414A-A3A5-D10D205712AE}.Release|Any CPU.Build.0 = Release|Any CPU
		{3F04CCEA-AFD9-4759-BACD-2EF2D2FE39EA}.Debug|Any CPU.ActiveCfg = Debug|Any CPU
		{3F04CCEA-AFD9-4759-BACD-2EF2D2FE39EA}.Debug|Any CPU.Build.0 = Debug|Any CPU
		{3F04CCEA-AFD9-4759-BACD-2EF2D2FE39EA}.Release|Any CPU.ActiveCfg = Release|Any CPU
		{3F04CCEA-AFD9-4759-BACD-2EF2D2FE39EA}.Release|Any CPU.Build.0 = Release|Any CPU
		{B8D78580-FD82-43E5-B086-F9D477D61C2F}.Debug|Any CPU.ActiveCfg = Debug|Any CPU
		{B8D78580-FD82-43E5-B086-F9D477D61C2F}.Debug|Any CPU.Build.0 = Debug|Any CPU
		{B8D78580-FD82-43E5-B086-F9D477D61C2F}.Release|Any CPU.ActiveCfg = Release|Any CPU
		{B8D78580-FD82-43E5-B086-F9D477D61C2F}.Release|Any CPU.Build.0 = Release|Any CPU
	EndGlobalSection
	GlobalSection(SolutionProperties) = preSolution
		HideSolutionNode = FALSE
	EndGlobalSection
	GlobalSection(ExtensibilityGlobals) = postSolution
		SolutionGuid = {B2B75DA0-D020-4688-9054-EFC0C8769323}
	EndGlobalSection
EndGlobal
